
Microsoft Visual Studio Solution File, Format Version 12.00
# Visual Studio 15
Project("{FAE04EC0-301F-11D3-BF4B-00C04F79EFBC}") = "Zenject", "Zenject.csproj", "{03146990-0F02-4ED2-7507-2744F1FE1E79}"
EndProject
Project("{FAE04EC0-301F-11D3-BF4B-00C04F79EFBC}") = "Leopotam.EcsLite.UnityEditor", "Leopotam.EcsLite.UnityEditor.csproj", "{5AD6E3CE-9627-1CAA-0EB4-7CAE006E4125}"
EndProject
Project("{FAE04EC0-301F-11D3-BF4B-00C04F79EFBC}") = "Leopotam.EcsLite.ExtendedSystems", "Leopotam.EcsLite.ExtendedSystems.csproj", "{EE13C93E-784B-8A43-8272-A269C6BDBFDD}"
EndProject
Project("{FAE04EC0-301F-11D3-BF4B-00C04F79EFBC}") = "Zenject-Editor", "Zenject-Editor.csproj", "{AB7274D9-822E-90FA-08F9-72A690ADC3B3}"
EndProject
Project("{FAE04EC0-301F-11D3-BF4B-00C04F79EFBC}") = "Assembly-CSharp", "Assembly-CSharp.csproj", "{2812AA60-F595-4EE7-27F8-02ACABBB3693}"
EndProject
Project("{FAE04EC0-301F-11D3-BF4B-00C04F79EFBC}") = "Leopotam.EcsLite", "Leopotam.EcsLite.csproj", "{F74D2651-E85C-3DCC-0DFC-D632E6CA5A47}"
EndProject
Project("{FAE04EC0-301F-11D3-BF4B-00C04F79EFBC}") = "Leopotam.EcsLite.Di", "Leopotam.EcsLite.Di.csproj", "{1C80A6DA-3463-981C-A8F4-F22E62DAE8AE}"
EndProject
Project("{FAE04EC0-301F-11D3-BF4B-00C04F79EFBC}") = "Leopotam.EcsLite.UnityEditor.Runtime", "Leopotam.EcsLite.UnityEditor.Runtime.csproj", "{AF325CF3-C79A-3A5F-A6B0-76B676B4068B}"
EndProject
Global
	GlobalSection(SolutionConfigurationPlatforms) = preSolution
		Debug|Any CPU = Debug|Any CPU
		Release|Any CPU = Release|Any CPU
	EndGlobalSection
	GlobalSection(ProjectConfigurationPlatforms) = postSolution
		{03146990-0F02-4ED2-7507-2744F1FE1E79}.Debug|Any CPU.ActiveCfg = Debug|Any CPU
		{03146990-0F02-4ED2-7507-2744F1FE1E79}.Debug|Any CPU.Build.0 = Debug|Any CPU
		{03146990-0F02-4ED2-7507-2744F1FE1E79}.Release|Any CPU.ActiveCfg = Release|Any CPU
		{03146990-0F02-4ED2-7507-2744F1FE1E79}.Release|Any CPU.Build.0 = Release|Any CPU
		{5AD6E3CE-9627-1CAA-0EB4-7CAE006E4125}.Debug|Any CPU.ActiveCfg = Debug|Any CPU
		{5AD6E3CE-9627-1CAA-0EB4-7CAE006E4125}.Debug|Any CPU.Build.0 = Debug|Any CPU
		{5AD6E3CE-9627-1CAA-0EB4-7CAE006E4125}.Release|Any CPU.ActiveCfg = Release|Any CPU
		{5AD6E3CE-9627-1CAA-0EB4-7CAE006E4125}.Release|Any CPU.Build.0 = Release|Any CPU
		{EE13C93E-784B-8A43-8272-A269C6BDBFDD}.Debug|Any CPU.ActiveCfg = Debug|Any CPU
		{EE13C93E-784B-8A43-8272-A269C6BDBFDD}.Debug|Any CPU.Build.0 = Debug|Any CPU
		{EE13C93E-784B-8A43-8272-A269C6BDBFDD}.Release|Any CPU.ActiveCfg = Release|Any CPU
		{EE13C93E-784B-8A43-8272-A269C6BDBFDD}.Release|Any CPU.Build.0 = Release|Any CPU
		{AB7274D9-822E-90FA-08F9-72A690ADC3B3}.Debug|Any CPU.ActiveCfg = Debug|Any CPU
		{AB7274D9-822E-90FA-08F9-72A690ADC3B3}.Debug|Any CPU.Build.0 = Debug|Any CPU
		{AB7274D9-822E-90FA-08F9-72A690ADC3B3}.Release|Any CPU.ActiveCfg = Release|Any CPU
		{AB7274D9-822E-90FA-08F9-72A690ADC3B3}.Release|Any CPU.Build.0 = Release|Any CPU
		{2812AA60-F595-4EE7-27F8-02ACABBB3693}.Debug|Any CPU.ActiveCfg = Debug|Any CPU
		{2812AA60-F595-4EE7-27F8-02ACABBB3693}.Debug|Any CPU.Build.0 = Debug|Any CPU
		{2812AA60-F595-4EE7-27F8-02ACABBB3693}.Release|Any CPU.ActiveCfg = Release|Any CPU
		{2812AA60-F595-4EE7-27F8-02ACABBB3693}.Release|Any CPU.Build.0 = Release|Any CPU
		{F74D2651-E85C-3DCC-0DFC-D632E6CA5A47}.Debug|Any CPU.ActiveCfg = Debug|Any CPU
		{F74D2651-E85C-3DCC-0DFC-D632E6CA5A47}.Debug|Any CPU.Build.0 = Debug|Any CPU
		{F74D2651-E85C-3DCC-0DFC-D632E6CA5A47}.Release|Any CPU.ActiveCfg = Release|Any CPU
		{F74D2651-E85C-3DCC-0DFC-D632E6CA5A47}.Release|Any CPU.Build.0 = Release|Any CPU
		{1C80A6DA-3463-981C-A8F4-F22E62DAE8AE}.Debug|Any CPU.ActiveCfg = Debug|Any CPU
		{1C80A6DA-3463-981C-A8F4-F22E62DAE8AE}.Debug|Any CPU.Build.0 = Debug|Any CPU
		{1C80A6DA-3463-981C-A8F4-F22E62DAE8AE}.Release|Any CPU.ActiveCfg = Release|Any CPU
		{1C80A6DA-3463-981C-A8F4-F22E62DAE8AE}.Release|Any CPU.Build.0 = Release|Any CPU
		{AF325CF3-C79A-3A5F-A6B0-76B676B4068B}.Debug|Any CPU.ActiveCfg = Debug|Any CPU
		{AF325CF3-C79A-3A5F-A6B0-76B676B4068B}.Debug|Any CPU.Build.0 = Debug|Any CPU
		{AF325CF3-C79A-3A5F-A6B0-76B676B4068B}.Release|Any CPU.ActiveCfg = Release|Any CPU
		{AF325CF3-C79A-3A5F-A6B0-76B676B4068B}.Release|Any CPU.Build.0 = Release|Any CPU
	EndGlobalSection
	GlobalSection(SolutionProperties) = preSolution
		HideSolutionNode = FALSE
	EndGlobalSection
EndGlobal
