
Microsoft Visual Studio Solution File, Format Version 12.00
# Visual Studio 15
Project("{FAE04EC0-301F-11D3-BF4B-00C04F79EFBC}") = "EcsEngine", "EcsEngine.csproj", "{CA386E4A-C32C-B5C8-A4B8-7EEAA9533BF7}"
EndProject
Project("{FAE04EC0-301F-11D3-BF4B-00C04F79EFBC}") = "Zenject", "Zenject.csproj", "{03146990-0F02-4ED2-7507-2744F1FE1E79}"
EndProject
Project("{FAE04EC0-301F-11D3-BF4B-00C04F79EFBC}") = "Zenject-UnitTests-Editor", "Zenject-UnitTests-Editor.csproj", "{295B3479-18A5-2912-0E8A-695BB75B2223}"
EndProject
Project("{FAE04EC0-301F-11D3-BF4B-00C04F79EFBC}") = "World", "World.csproj", "{ED303F30-854A-4A1A-2790-CF5400C107DB}"
EndProject
Project("{FAE04EC0-301F-11D3-BF4B-00C04F79EFBC}") = "Zenject-IntegrationTests", "Zenject-IntegrationTests.csproj", "{E325066E-E9F0-9105-E130-2CB917A62BC9}"
EndProject
Project("{FAE04EC0-301F-11D3-BF4B-00C04F79EFBC}") = "Leopotam.EcsLite.UnityEditor", "Leopotam.EcsLite.UnityEditor.csproj", "{5AD6E3CE-9627-1CAA-0EB4-7CAE006E4125}"
EndProject
Project("{FAE04EC0-301F-11D3-BF4B-00C04F79EFBC}") = "Leopotam.EcsLite.Entities", "Leopotam.EcsLite.Entities.csproj", "{CA2C4692-7146-4FC8-79EA-98658EFFB889}"
EndProject
Project("{FAE04EC0-301F-11D3-BF4B-00C04F79EFBC}") = "Zenject-IntegrationTests-Editor", "Zenject-IntegrationTests-Editor.csproj", "{6F3B78C5-3F79-1675-C0E9-D5C61944D6D7}"
EndProject
Project("{FAE04EC0-301F-11D3-BF4B-00C04F79EFBC}") = "Leopotam.EcsLite.ExtendedSystems", "Leopotam.EcsLite.ExtendedSystems.csproj", "{EE13C93E-784B-8A43-8272-A269C6BDBFDD}"
EndProject
Project("{FAE04EC0-301F-11D3-BF4B-00C04F79EFBC}") = "Assembly-CSharp", "Assembly-CSharp.csproj", "{2812AA60-F595-4EE7-27F8-02ACABBB3693}"
EndProject
Project("{FAE04EC0-301F-11D3-BF4B-00C04F79EFBC}") = "Sirenix.OdinInspector.Modules.Unity.Addressables", "Sirenix.OdinInspector.Modules.Unity.Addressables.csproj", "{5C5BA53F-29DA-155D-42C0-3347EB654689}"
EndProject
Project("{FAE04EC0-301F-11D3-BF4B-00C04F79EFBC}") = "Leopotam.EcsLite.Events", "Leopotam.EcsLite.Events.csproj", "{475E9679-B71B-359B-9775-01A2C4D1C032}"
EndProject
Project("{FAE04EC0-301F-11D3-BF4B-00C04F79EFBC}") = "Zenject-ReflectionBaking-Editor", "Zenject-ReflectionBaking-Editor.csproj", "{7B555E97-CE4B-4B34-ECDF-4510378D6F32}"
EndProject
Project("{FAE04EC0-301F-11D3-BF4B-00C04F79EFBC}") = "NavMeshComponents", "NavMeshComponents.csproj", "{D5DE8444-FEA6-7F43-830F-7C7918DC116C}"
EndProject
Project("{FAE04EC0-301F-11D3-BF4B-00C04F79EFBC}") = "Zenject-Editor", "Zenject-Editor.csproj", "{AB7274D9-822E-90FA-08F9-72A690ADC3B3}"
EndProject
Project("{FAE04EC0-301F-11D3-BF4B-00C04F79EFBC}") = "Map", "Map.csproj", "{0B43A513-28D6-7888-DA03-EC732EDAAF96}"
EndProject
Project("{FAE04EC0-301F-11D3-BF4B-00C04F79EFBC}") = "Leopotam.EcsLite.PhysicsExtensions", "Leopotam.EcsLite.PhysicsExtensions.csproj", "{10695FD0-A4DB-AAC1-84B7-19F57B449811}"
EndProject
Project("{FAE04EC0-301F-11D3-BF4B-00C04F79EFBC}") = "NavMeshComponentsEditor", "NavMeshComponentsEditor.csproj", "{128F0831-AF9F-53A4-0505-FA9E309A2263}"
EndProject
Project("{FAE04EC0-301F-11D3-BF4B-00C04F79EFBC}") = "GameUI", "GameUI.csproj", "{015B32FA-5C44-39FA-9786-D062E04A2761}"
EndProject
Project("{FAE04EC0-301F-11D3-BF4B-00C04F79EFBC}") = "Leopotam.EcsLite", "Leopotam.EcsLite.csproj", "{F74D2651-E85C-3DCC-0DFC-D632E6CA5A47}"
EndProject
Project("{FAE04EC0-301F-11D3-BF4B-00C04F79EFBC}") = "Zenject-TestFramework", "Zenject-TestFramework.csproj", "{925CEA22-D438-0C49-666D-DD3ADA005261}"
EndProject
Project("{FAE04EC0-301F-11D3-BF4B-00C04F79EFBC}") = "EcsWorld", "EcsWorld.csproj", "{DE31B5AA-34F1-D7F5-F612-29F4F56CD32A}"
EndProject
Project("{FAE04EC0-301F-11D3-BF4B-00C04F79EFBC}") = "JoystickPAck", "JoystickPAck.csproj", "{2DF8E268-C7D2-CD68-FD06-053E4D62BE9D}"
EndProject
Project("{FAE04EC0-301F-11D3-BF4B-00C04F79EFBC}") = "Leopotam.EcsLite.Di", "Leopotam.EcsLite.Di.csproj", "{1C80A6DA-3463-981C-A8F4-F22E62DAE8AE}"
EndProject
Project("{FAE04EC0-301F-11D3-BF4B-00C04F79EFBC}") = "Leopotam.EcsLite.UnityEditor.Runtime", "Leopotam.EcsLite.UnityEditor.Runtime.csproj", "{AF325CF3-C79A-3A5F-A6B0-76B676B4068B}"
EndProject
Project("{FAE04EC0-301F-11D3-BF4B-00C04F79EFBC}") = "Zenject-PoolMonitor-Editor", "Zenject-PoolMonitor-Editor.csproj", "{ADF958BD-0B1E-FB26-3949-9DAB726F2489}"
EndProject
Global
	GlobalSection(SolutionConfigurationPlatforms) = preSolution
		Debug|Any CPU = Debug|Any CPU
		Release|Any CPU = Release|Any CPU
	EndGlobalSection
	GlobalSection(ProjectConfigurationPlatforms) = postSolution
		{CA386E4A-C32C-B5C8-A4B8-7EEAA9533BF7}.Debug|Any CPU.ActiveCfg = Debug|Any CPU
		{CA386E4A-C32C-B5C8-A4B8-7EEAA9533BF7}.Debug|Any CPU.Build.0 = Debug|Any CPU
		{CA386E4A-C32C-B5C8-A4B8-7EEAA9533BF7}.Release|Any CPU.ActiveCfg = Release|Any CPU
		{CA386E4A-C32C-B5C8-A4B8-7EEAA9533BF7}.Release|Any CPU.Build.0 = Release|Any CPU
		{03146990-0F02-4ED2-7507-2744F1FE1E79}.Debug|Any CPU.ActiveCfg = Debug|Any CPU
		{03146990-0F02-4ED2-7507-2744F1FE1E79}.Debug|Any CPU.Build.0 = Debug|Any CPU
		{03146990-0F02-4ED2-7507-2744F1FE1E79}.Release|Any CPU.ActiveCfg = Release|Any CPU
		{03146990-0F02-4ED2-7507-2744F1FE1E79}.Release|Any CPU.Build.0 = Release|Any CPU
		{295B3479-18A5-2912-0E8A-695BB75B2223}.Debug|Any CPU.ActiveCfg = Debug|Any CPU
		{295B3479-18A5-2912-0E8A-695BB75B2223}.Debug|Any CPU.Build.0 = Debug|Any CPU
		{295B3479-18A5-2912-0E8A-695BB75B2223}.Release|Any CPU.ActiveCfg = Release|Any CPU
		{295B3479-18A5-2912-0E8A-695BB75B2223}.Release|Any CPU.Build.0 = Release|Any CPU
		{ED303F30-854A-4A1A-2790-CF5400C107DB}.Debug|Any CPU.ActiveCfg = Debug|Any CPU
		{ED303F30-854A-4A1A-2790-CF5400C107DB}.Debug|Any CPU.Build.0 = Debug|Any CPU
		{ED303F30-854A-4A1A-2790-CF5400C107DB}.Release|Any CPU.ActiveCfg = Release|Any CPU
		{ED303F30-854A-4A1A-2790-CF5400C107DB}.Release|Any CPU.Build.0 = Release|Any CPU
		{E325066E-E9F0-9105-E130-2CB917A62BC9}.Debug|Any CPU.ActiveCfg = Debug|Any CPU
		{E325066E-E9F0-9105-E130-2CB917A62BC9}.Debug|Any CPU.Build.0 = Debug|Any CPU
		{E325066E-E9F0-9105-E130-2CB917A62BC9}.Release|Any CPU.ActiveCfg = Release|Any CPU
		{E325066E-E9F0-9105-E130-2CB917A62BC9}.Release|Any CPU.Build.0 = Release|Any CPU
		{5AD6E3CE-9627-1CAA-0EB4-7CAE006E4125}.Debug|Any CPU.ActiveCfg = Debug|Any CPU
		{5AD6E3CE-9627-1CAA-0EB4-7CAE006E4125}.Debug|Any CPU.Build.0 = Debug|Any CPU
		{5AD6E3CE-9627-1CAA-0EB4-7CAE006E4125}.Release|Any CPU.ActiveCfg = Release|Any CPU
		{5AD6E3CE-9627-1CAA-0EB4-7CAE006E4125}.Release|Any CPU.Build.0 = Release|Any CPU
		{CA2C4692-7146-4FC8-79EA-98658EFFB889}.Debug|Any CPU.ActiveCfg = Debug|Any CPU
		{CA2C4692-7146-4FC8-79EA-98658EFFB889}.Debug|Any CPU.Build.0 = Debug|Any CPU
		{CA2C4692-7146-4FC8-79EA-98658EFFB889}.Release|Any CPU.ActiveCfg = Release|Any CPU
		{CA2C4692-7146-4FC8-79EA-98658EFFB889}.Release|Any CPU.Build.0 = Release|Any CPU
		{6F3B78C5-3F79-1675-C0E9-D5C61944D6D7}.Debug|Any CPU.ActiveCfg = Debug|Any CPU
		{6F3B78C5-3F79-1675-C0E9-D5C61944D6D7}.Debug|Any CPU.Build.0 = Debug|Any CPU
		{6F3B78C5-3F79-1675-C0E9-D5C61944D6D7}.Release|Any CPU.ActiveCfg = Release|Any CPU
		{6F3B78C5-3F79-1675-C0E9-D5C61944D6D7}.Release|Any CPU.Build.0 = Release|Any CPU
		{EE13C93E-784B-8A43-8272-A269C6BDBFDD}.Debug|Any CPU.ActiveCfg = Debug|Any CPU
		{EE13C93E-784B-8A43-8272-A269C6BDBFDD}.Debug|Any CPU.Build.0 = Debug|Any CPU
		{EE13C93E-784B-8A43-8272-A269C6BDBFDD}.Release|Any CPU.ActiveCfg = Release|Any CPU
		{EE13C93E-784B-8A43-8272-A269C6BDBFDD}.Release|Any CPU.Build.0 = Release|Any CPU
		{2812AA60-F595-4EE7-27F8-02ACABBB3693}.Debug|Any CPU.ActiveCfg = Debug|Any CPU
		{2812AA60-F595-4EE7-27F8-02ACABBB3693}.Debug|Any CPU.Build.0 = Debug|Any CPU
		{2812AA60-F595-4EE7-27F8-02ACABBB3693}.Release|Any CPU.ActiveCfg = Release|Any CPU
		{2812AA60-F595-4EE7-27F8-02ACABBB3693}.Release|Any CPU.Build.0 = Release|Any CPU
		{5C5BA53F-29DA-155D-42C0-3347EB654689}.Debug|Any CPU.ActiveCfg = Debug|Any CPU
		{5C5BA53F-29DA-155D-42C0-3347EB654689}.Debug|Any CPU.Build.0 = Debug|Any CPU
		{5C5BA53F-29DA-155D-42C0-3347EB654689}.Release|Any CPU.ActiveCfg = Release|Any CPU
		{5C5BA53F-29DA-155D-42C0-3347EB654689}.Release|Any CPU.Build.0 = Release|Any CPU
		{475E9679-B71B-359B-9775-01A2C4D1C032}.Debug|Any CPU.ActiveCfg = Debug|Any CPU
		{475E9679-B71B-359B-9775-01A2C4D1C032}.Debug|Any CPU.Build.0 = Debug|Any CPU
		{475E9679-B71B-359B-9775-01A2C4D1C032}.Release|Any CPU.ActiveCfg = Release|Any CPU
		{475E9679-B71B-359B-9775-01A2C4D1C032}.Release|Any CPU.Build.0 = Release|Any CPU
		{7B555E97-CE4B-4B34-ECDF-4510378D6F32}.Debug|Any CPU.ActiveCfg = Debug|Any CPU
		{7B555E97-CE4B-4B34-ECDF-4510378D6F32}.Debug|Any CPU.Build.0 = Debug|Any CPU
		{7B555E97-CE4B-4B34-ECDF-4510378D6F32}.Release|Any CPU.ActiveCfg = Release|Any CPU
		{7B555E97-CE4B-4B34-ECDF-4510378D6F32}.Release|Any CPU.Build.0 = Release|Any CPU
		{D5DE8444-FEA6-7F43-830F-7C7918DC116C}.Debug|Any CPU.ActiveCfg = Debug|Any CPU
		{D5DE8444-FEA6-7F43-830F-7C7918DC116C}.Debug|Any CPU.Build.0 = Debug|Any CPU
		{D5DE8444-FEA6-7F43-830F-7C7918DC116C}.Release|Any CPU.ActiveCfg = Release|Any CPU
		{D5DE8444-FEA6-7F43-830F-7C7918DC116C}.Release|Any CPU.Build.0 = Release|Any CPU
		{AB7274D9-822E-90FA-08F9-72A690ADC3B3}.Debug|Any CPU.ActiveCfg = Debug|Any CPU
		{AB7274D9-822E-90FA-08F9-72A690ADC3B3}.Debug|Any CPU.Build.0 = Debug|Any CPU
		{AB7274D9-822E-90FA-08F9-72A690ADC3B3}.Release|Any CPU.ActiveCfg = Release|Any CPU
		{AB7274D9-822E-90FA-08F9-72A690ADC3B3}.Release|Any CPU.Build.0 = Release|Any CPU
		{0B43A513-28D6-7888-DA03-EC732EDAAF96}.Debug|Any CPU.ActiveCfg = Debug|Any CPU
		{0B43A513-28D6-7888-DA03-EC732EDAAF96}.Debug|Any CPU.Build.0 = Debug|Any CPU
		{0B43A513-28D6-7888-DA03-EC732EDAAF96}.Release|Any CPU.ActiveCfg = Release|Any CPU
		{0B43A513-28D6-7888-DA03-EC732EDAAF96}.Release|Any CPU.Build.0 = Release|Any CPU
		{10695FD0-A4DB-AAC1-84B7-19F57B449811}.Debug|Any CPU.ActiveCfg = Debug|Any CPU
		{10695FD0-A4DB-AAC1-84B7-19F57B449811}.Debug|Any CPU.Build.0 = Debug|Any CPU
		{10695FD0-A4DB-AAC1-84B7-19F57B449811}.Release|Any CPU.ActiveCfg = Release|Any CPU
		{10695FD0-A4DB-AAC1-84B7-19F57B449811}.Release|Any CPU.Build.0 = Release|Any CPU
		{128F0831-AF9F-53A4-0505-FA9E309A2263}.Debug|Any CPU.ActiveCfg = Debug|Any CPU
		{128F0831-AF9F-53A4-0505-FA9E309A2263}.Debug|Any CPU.Build.0 = Debug|Any CPU
		{128F0831-AF9F-53A4-0505-FA9E309A2263}.Release|Any CPU.ActiveCfg = Release|Any CPU
		{128F0831-AF9F-53A4-0505-FA9E309A2263}.Release|Any CPU.Build.0 = Release|Any CPU
		{015B32FA-5C44-39FA-9786-D062E04A2761}.Debug|Any CPU.ActiveCfg = Debug|Any CPU
		{015B32FA-5C44-39FA-9786-D062E04A2761}.Debug|Any CPU.Build.0 = Debug|Any CPU
		{015B32FA-5C44-39FA-9786-D062E04A2761}.Release|Any CPU.ActiveCfg = Release|Any CPU
		{015B32FA-5C44-39FA-9786-D062E04A2761}.Release|Any CPU.Build.0 = Release|Any CPU
		{F74D2651-E85C-3DCC-0DFC-D632E6CA5A47}.Debug|Any CPU.ActiveCfg = Debug|Any CPU
		{F74D2651-E85C-3DCC-0DFC-D632E6CA5A47}.Debug|Any CPU.Build.0 = Debug|Any CPU
		{F74D2651-E85C-3DCC-0DFC-D632E6CA5A47}.Release|Any CPU.ActiveCfg = Release|Any CPU
		{F74D2651-E85C-3DCC-0DFC-D632E6CA5A47}.Release|Any CPU.Build.0 = Release|Any CPU
		{925CEA22-D438-0C49-666D-DD3ADA005261}.Debug|Any CPU.ActiveCfg = Debug|Any CPU
		{925CEA22-D438-0C49-666D-DD3ADA005261}.Debug|Any CPU.Build.0 = Debug|Any CPU
		{925CEA22-D438-0C49-666D-DD3ADA005261}.Release|Any CPU.ActiveCfg = Release|Any CPU
		{925CEA22-D438-0C49-666D-DD3ADA005261}.Release|Any CPU.Build.0 = Release|Any CPU
		{DE31B5AA-34F1-D7F5-F612-29F4F56CD32A}.Debug|Any CPU.ActiveCfg = Debug|Any CPU
		{DE31B5AA-34F1-D7F5-F612-29F4F56CD32A}.Debug|Any CPU.Build.0 = Debug|Any CPU
		{DE31B5AA-34F1-D7F5-F612-29F4F56CD32A}.Release|Any CPU.ActiveCfg = Release|Any CPU
		{DE31B5AA-34F1-D7F5-F612-29F4F56CD32A}.Release|Any CPU.Build.0 = Release|Any CPU
		{2DF8E268-C7D2-CD68-FD06-053E4D62BE9D}.Debug|Any CPU.ActiveCfg = Debug|Any CPU
		{2DF8E268-C7D2-CD68-FD06-053E4D62BE9D}.Debug|Any CPU.Build.0 = Debug|Any CPU
		{2DF8E268-C7D2-CD68-FD06-053E4D62BE9D}.Release|Any CPU.ActiveCfg = Release|Any CPU
		{2DF8E268-C7D2-CD68-FD06-053E4D62BE9D}.Release|Any CPU.Build.0 = Release|Any CPU
		{1C80A6DA-3463-981C-A8F4-F22E62DAE8AE}.Debug|Any CPU.ActiveCfg = Debug|Any CPU
		{1C80A6DA-3463-981C-A8F4-F22E62DAE8AE}.Debug|Any CPU.Build.0 = Debug|Any CPU
		{1C80A6DA-3463-981C-A8F4-F22E62DAE8AE}.Release|Any CPU.ActiveCfg = Release|Any CPU
		{1C80A6DA-3463-981C-A8F4-F22E62DAE8AE}.Release|Any CPU.Build.0 = Release|Any CPU
		{AF325CF3-C79A-3A5F-A6B0-76B676B4068B}.Debug|Any CPU.ActiveCfg = Debug|Any CPU
		{AF325CF3-C79A-3A5F-A6B0-76B676B4068B}.Debug|Any CPU.Build.0 = Debug|Any CPU
		{AF325CF3-C79A-3A5F-A6B0-76B676B4068B}.Release|Any CPU.ActiveCfg = Release|Any CPU
		{AF325CF3-C79A-3A5F-A6B0-76B676B4068B}.Release|Any CPU.Build.0 = Release|Any CPU
		{ADF958BD-0B1E-FB26-3949-9DAB726F2489}.Debug|Any CPU.ActiveCfg = Debug|Any CPU
		{ADF958BD-0B1E-FB26-3949-9DAB726F2489}.Debug|Any CPU.Build.0 = Debug|Any CPU
		{ADF958BD-0B1E-FB26-3949-9DAB726F2489}.Release|Any CPU.ActiveCfg = Release|Any CPU
		{ADF958BD-0B1E-FB26-3949-9DAB726F2489}.Release|Any CPU.Build.0 = Release|Any CPU
	EndGlobalSection
	GlobalSection(SolutionProperties) = preSolution
		HideSolutionNode = FALSE
	EndGlobalSection
EndGlobal
